
Microsoft Visual Studio Solution File, Format Version 12.00
Project("{2150E333-8FDC-42A3-9474-1A3956D46DE8}") = "src", "src", "{FB883B11-5DB4-4D91-8706-04DD578A0A2B}"
EndProject
Project("{FAE04EC0-301F-11D3-BF4B-00C04F79EFBC}") = "ChannelEngineTest.Web", "ChannelEngineTest.Web\ChannelEngineTest.Web.csproj", "{1ECCBB29-D552-4F07-853A-0B9CFE375513}"
EndProject
Project("{FAE04EC0-301F-11D3-BF4B-00C04F79EFBC}") = "ChannelEngineTest.Core", "ChannelEngineTest.Core\ChannelEngineTest.Core.csproj", "{61A83B67-BEED-4FBE-8BAA-4B6B3D8F25B0}"
EndProject
Project("{FAE04EC0-301F-11D3-BF4B-00C04F79EFBC}") = "ChannelEngineTest.Infrastructure", "ChannelEngineTest.Infrastructure\ChannelEngineTest.Infrastructure.csproj", "{2DDA5B4F-E9ED-4442-99B5-C448CD9CADA1}"
EndProject
Project("{FAE04EC0-301F-11D3-BF4B-00C04F79EFBC}") = "ChannelEngineTest.Console", "ChannelEngineTest.Console\ChannelEngineTest.Console.csproj", "{1E9F55C5-D7FA-4918-A6D5-6A109F99C6E1}"
EndProject
Project("{FAE04EC0-301F-11D3-BF4B-00C04F79EFBC}") = "ChannelEngineTest.ChannelEngineExternal", "ChannelEngineTest.ChannelEngineExternal\ChannelEngineTest.ChannelEngineExternal.csproj", "{C276FC44-0124-4F56-B04D-1D1E001AAB19}"
EndProject
Project("{2150E333-8FDC-42A3-9474-1A3956D46DE8}") = "tests", "tests", "{AC242AD5-440F-45F8-8843-579FFC31B10A}"
EndProject
Global
	GlobalSection(SolutionConfigurationPlatforms) = preSolution
		Debug|Any CPU = Debug|Any CPU
		Release|Any CPU = Release|Any CPU
	EndGlobalSection
	GlobalSection(ProjectConfigurationPlatforms) = postSolution
		{1ECCBB29-D552-4F07-853A-0B9CFE375513}.Debug|Any CPU.ActiveCfg = Debug|Any CPU
		{1ECCBB29-D552-4F07-853A-0B9CFE375513}.Debug|Any CPU.Build.0 = Debug|Any CPU
		{1ECCBB29-D552-4F07-853A-0B9CFE375513}.Release|Any CPU.ActiveCfg = Release|Any CPU
		{1ECCBB29-D552-4F07-853A-0B9CFE375513}.Release|Any CPU.Build.0 = Release|Any CPU
		{61A83B67-BEED-4FBE-8BAA-4B6B3D8F25B0}.Debug|Any CPU.ActiveCfg = Debug|Any CPU
		{61A83B67-BEED-4FBE-8BAA-4B6B3D8F25B0}.Debug|Any CPU.Build.0 = Debug|Any CPU
		{61A83B67-BEED-4FBE-8BAA-4B6B3D8F25B0}.Release|Any CPU.ActiveCfg = Release|Any CPU
		{61A83B67-BEED-4FBE-8BAA-4B6B3D8F25B0}.Release|Any CPU.Build.0 = Release|Any CPU
		{2DDA5B4F-E9ED-4442-99B5-C448CD9CADA1}.Debug|Any CPU.ActiveCfg = Debug|Any CPU
		{2DDA5B4F-E9ED-4442-99B5-C448CD9CADA1}.Debug|Any CPU.Build.0 = Debug|Any CPU
		{2DDA5B4F-E9ED-4442-99B5-C448CD9CADA1}.Release|Any CPU.ActiveCfg = Release|Any CPU
		{2DDA5B4F-E9ED-4442-99B5-C448CD9CADA1}.Release|Any CPU.Build.0 = Release|Any CPU
		{1E9F55C5-D7FA-4918-A6D5-6A109F99C6E1}.Debug|Any CPU.ActiveCfg = Debug|Any CPU
		{1E9F55C5-D7FA-4918-A6D5-6A109F99C6E1}.Debug|Any CPU.Build.0 = Debug|Any CPU
		{1E9F55C5-D7FA-4918-A6D5-6A109F99C6E1}.Release|Any CPU.ActiveCfg = Release|Any CPU
		{1E9F55C5-D7FA-4918-A6D5-6A109F99C6E1}.Release|Any CPU.Build.0 = Release|Any CPU
		{C276FC44-0124-4F56-B04D-1D1E001AAB19}.Debug|Any CPU.ActiveCfg = Debug|Any CPU
		{C276FC44-0124-4F56-B04D-1D1E001AAB19}.Debug|Any CPU.Build.0 = Debug|Any CPU
		{C276FC44-0124-4F56-B04D-1D1E001AAB19}.Release|Any CPU.ActiveCfg = Release|Any CPU
		{C276FC44-0124-4F56-B04D-1D1E001AAB19}.Release|Any CPU.Build.0 = Release|Any CPU
	EndGlobalSection
	GlobalSection(NestedProjects) = preSolution
		{1ECCBB29-D552-4F07-853A-0B9CFE375513} = {FB883B11-5DB4-4D91-8706-04DD578A0A2B}
		{61A83B67-BEED-4FBE-8BAA-4B6B3D8F25B0} = {FB883B11-5DB4-4D91-8706-04DD578A0A2B}
		{2DDA5B4F-E9ED-4442-99B5-C448CD9CADA1} = {FB883B11-5DB4-4D91-8706-04DD578A0A2B}
		{1E9F55C5-D7FA-4918-A6D5-6A109F99C6E1} = {FB883B11-5DB4-4D91-8706-04DD578A0A2B}
		{C276FC44-0124-4F56-B04D-1D1E001AAB19} = {FB883B11-5DB4-4D91-8706-04DD578A0A2B}
	EndGlobalSection
EndGlobal
